// !$*UTF8*$!
{
	archiveVersion = 1;
	classes = {
	};
	objectVersion = 50;
	objects = {

/* Begin PBXBuildFile section */
		EF8D4F491826367B4175EDAE /* libPods-TravelMaster.a in Frameworks */ = {isa = PBXBuildFile; fileRef = 56CC20A46CFA0F1222E20F61 /* libPods-TravelMaster.a */; };
		F779ABB8219408AD0048EF28 /* AppDelegate.swift in Sources */ = {isa = PBXBuildFile; fileRef = F779ABB7219408AD0048EF28 /* AppDelegate.swift */; };
		F779ABBA219408AD0048EF28 /* FirstViewController.swift in Sources */ = {isa = PBXBuildFile; fileRef = F779ABB9219408AD0048EF28 /* FirstViewController.swift */; };
		F779ABBC219408AD0048EF28 /* SecondViewController.swift in Sources */ = {isa = PBXBuildFile; fileRef = F779ABBB219408AD0048EF28 /* SecondViewController.swift */; };
		F779ABBF219408AD0048EF28 /* Main.storyboard in Resources */ = {isa = PBXBuildFile; fileRef = F779ABBD219408AD0048EF28 /* Main.storyboard */; };
		F779ABC1219408AF0048EF28 /* Assets.xcassets in Resources */ = {isa = PBXBuildFile; fileRef = F779ABC0219408AF0048EF28 /* Assets.xcassets */; };
		F779ABC4219408AF0048EF28 /* LaunchScreen.storyboard in Resources */ = {isa = PBXBuildFile; fileRef = F779ABC2219408AF0048EF28 /* LaunchScreen.storyboard */; };
		F779ABCC21940C7E0048EF28 /* Podfile in Resources */ = {isa = PBXBuildFile; fileRef = F779ABCB21940C7E0048EF28 /* Podfile */; };
		F779ABD121941CD80048EF28 /* Constants.swift in Sources */ = {isa = PBXBuildFile; fileRef = F779ABD021941CD80048EF28 /* Constants.swift */; };
		F779ABD421944E660048EF28 /* GMapHelper.swift in Sources */ = {isa = PBXBuildFile; fileRef = F779ABD321944E660048EF28 /* GMapHelper.swift */; };
		F779ABD8219489F90048EF28 /* GMapWaypointModel.swift in Sources */ = {isa = PBXBuildFile; fileRef = F779ABD7219489F90048EF28 /* GMapWaypointModel.swift */; };
		F7A17547219E66BE00B19E90 /* LocationMarkerCollectionHelper.swift in Sources */ = {isa = PBXBuildFile; fileRef = F7A17546219E66BE00B19E90 /* LocationMarkerCollectionHelper.swift */; };
		F7D96E1D219B3C8400736CBD /* LocationMarker.swift in Sources */ = {isa = PBXBuildFile; fileRef = F7D96E1C219B3C8400736CBD /* LocationMarker.swift */; };
		F7D9BCF821A06F31009AF5C0 /* HashableClass.swift in Sources */ = {isa = PBXBuildFile; fileRef = F7D9BCF721A06F31009AF5C0 /* HashableClass.swift */; };
/* End PBXBuildFile section */

/* Begin PBXFileReference section */
		33CD55EA683E0E395DC4C875 /* Pods-TravelMaster.debug.xcconfig */ = {isa = PBXFileReference; includeInIndex = 1; lastKnownFileType = text.xcconfig; name = "Pods-TravelMaster.debug.xcconfig"; path = "Pods/Target Support Files/Pods-TravelMaster/Pods-TravelMaster.debug.xcconfig"; sourceTree = "<group>"; };
		56CC20A46CFA0F1222E20F61 /* libPods-TravelMaster.a */ = {isa = PBXFileReference; explicitFileType = archive.ar; includeInIndex = 0; path = "libPods-TravelMaster.a"; sourceTree = BUILT_PRODUCTS_DIR; };
		A819437131F597FB18FE4E77 /* Pods-TravelMaster.release.xcconfig */ = {isa = PBXFileReference; includeInIndex = 1; lastKnownFileType = text.xcconfig; name = "Pods-TravelMaster.release.xcconfig"; path = "Pods/Target Support Files/Pods-TravelMaster/Pods-TravelMaster.release.xcconfig"; sourceTree = "<group>"; };
		F779ABB4219408AD0048EF28 /* TravelMaster.app */ = {isa = PBXFileReference; explicitFileType = wrapper.application; includeInIndex = 0; path = TravelMaster.app; sourceTree = BUILT_PRODUCTS_DIR; };
		F779ABB7219408AD0048EF28 /* AppDelegate.swift */ = {isa = PBXFileReference; lastKnownFileType = sourcecode.swift; path = AppDelegate.swift; sourceTree = "<group>"; };
		F779ABB9219408AD0048EF28 /* FirstViewController.swift */ = {isa = PBXFileReference; lastKnownFileType = sourcecode.swift; path = FirstViewController.swift; sourceTree = "<group>"; };
		F779ABBB219408AD0048EF28 /* SecondViewController.swift */ = {isa = PBXFileReference; lastKnownFileType = sourcecode.swift; path = SecondViewController.swift; sourceTree = "<group>"; };
		F779ABBE219408AD0048EF28 /* Base */ = {isa = PBXFileReference; lastKnownFileType = file.storyboard; name = Base; path = Base.lproj/Main.storyboard; sourceTree = "<group>"; };
		F779ABC0219408AF0048EF28 /* Assets.xcassets */ = {isa = PBXFileReference; lastKnownFileType = folder.assetcatalog; path = Assets.xcassets; sourceTree = "<group>"; };
		F779ABC3219408AF0048EF28 /* Base */ = {isa = PBXFileReference; lastKnownFileType = file.storyboard; name = Base; path = Base.lproj/LaunchScreen.storyboard; sourceTree = "<group>"; };
		F779ABC5219408AF0048EF28 /* Info.plist */ = {isa = PBXFileReference; lastKnownFileType = text.plist.xml; path = Info.plist; sourceTree = "<group>"; };
		F779ABCB21940C7E0048EF28 /* Podfile */ = {isa = PBXFileReference; lastKnownFileType = text; path = Podfile; sourceTree = "<group>"; };
		F779ABD021941CD80048EF28 /* Constants.swift */ = {isa = PBXFileReference; lastKnownFileType = sourcecode.swift; path = Constants.swift; sourceTree = "<group>"; };
		F779ABD321944E660048EF28 /* GMapHelper.swift */ = {isa = PBXFileReference; lastKnownFileType = sourcecode.swift; path = GMapHelper.swift; sourceTree = "<group>"; };
		F779ABD7219489F90048EF28 /* GMapWaypointModel.swift */ = {isa = PBXFileReference; lastKnownFileType = sourcecode.swift; path = GMapWaypointModel.swift; sourceTree = "<group>"; };
		F7A17546219E66BE00B19E90 /* LocationMarkerCollectionHelper.swift */ = {isa = PBXFileReference; lastKnownFileType = sourcecode.swift; path = LocationMarkerCollectionHelper.swift; sourceTree = "<group>"; };
		F7D96E1C219B3C8400736CBD /* LocationMarker.swift */ = {isa = PBXFileReference; lastKnownFileType = sourcecode.swift; path = LocationMarker.swift; sourceTree = "<group>"; };
		F7D9BCF721A06F31009AF5C0 /* HashableClass.swift */ = {isa = PBXFileReference; lastKnownFileType = sourcecode.swift; path = HashableClass.swift; sourceTree = "<group>"; };
/* End PBXFileReference section */

/* Begin PBXFrameworksBuildPhase section */
		F779ABB1219408AD0048EF28 /* Frameworks */ = {
			isa = PBXFrameworksBuildPhase;
			buildActionMask = 2147483647;
			files = (
				EF8D4F491826367B4175EDAE /* libPods-TravelMaster.a in Frameworks */,
			);
			runOnlyForDeploymentPostprocessing = 0;
		};
/* End PBXFrameworksBuildPhase section */

/* Begin PBXGroup section */
		49D5D7522433218F8339FD4F /* Frameworks */ = {
			isa = PBXGroup;
			children = (
				56CC20A46CFA0F1222E20F61 /* libPods-TravelMaster.a */,
			);
			name = Frameworks;
			sourceTree = "<group>";
		};
		6479E59897C9893CE411F6F9 /* Pods */ = {
			isa = PBXGroup;
			children = (
				33CD55EA683E0E395DC4C875 /* Pods-TravelMaster.debug.xcconfig */,
				A819437131F597FB18FE4E77 /* Pods-TravelMaster.release.xcconfig */,
			);
			name = Pods;
			sourceTree = "<group>";
		};
		F779ABAB219408AD0048EF28 = {
			isa = PBXGroup;
			children = (
				F779ABCB21940C7E0048EF28 /* Podfile */,
				F779ABB6219408AD0048EF28 /* TravelMaster */,
				F779ABB5219408AD0048EF28 /* Products */,
				6479E59897C9893CE411F6F9 /* Pods */,
				49D5D7522433218F8339FD4F /* Frameworks */,
			);
			sourceTree = "<group>";
		};
		F779ABB5219408AD0048EF28 /* Products */ = {
			isa = PBXGroup;
			children = (
				F779ABB4219408AD0048EF28 /* TravelMaster.app */,
			);
			name = Products;
			sourceTree = "<group>";
		};
		F779ABB6219408AD0048EF28 /* TravelMaster */ = {
			isa = PBXGroup;
			children = (
				F7D9BCF621A06F13009AF5C0 /* Protocol */,
				F7A17545219E666000B19E90 /* Helper */,
				F779ABD6219489D60048EF28 /* Model */,
				F779ABD221944E120048EF28 /* GMap */,
				F779ABCF21941C270048EF28 /* Constanrt */,
				F779ABB7219408AD0048EF28 /* AppDelegate.swift */,
				F779ABB9219408AD0048EF28 /* FirstViewController.swift */,
				F779ABBB219408AD0048EF28 /* SecondViewController.swift */,
				F779ABBD219408AD0048EF28 /* Main.storyboard */,
				F779ABC0219408AF0048EF28 /* Assets.xcassets */,
				F779ABC2219408AF0048EF28 /* LaunchScreen.storyboard */,
				F779ABC5219408AF0048EF28 /* Info.plist */,
			);
			path = TravelMaster;
			sourceTree = "<group>";
		};
		F779ABCF21941C270048EF28 /* Constanrt */ = {
			isa = PBXGroup;
			children = (
				F779ABD021941CD80048EF28 /* Constants.swift */,
			);
			path = Constanrt;
			sourceTree = "<group>";
		};
		F779ABD221944E120048EF28 /* GMap */ = {
			isa = PBXGroup;
			children = (
				F779ABD321944E660048EF28 /* GMapHelper.swift */,
				F7D96E1C219B3C8400736CBD /* LocationMarker.swift */,
			);
			path = GMap;
			sourceTree = "<group>";
		};
		F779ABD6219489D60048EF28 /* Model */ = {
			isa = PBXGroup;
			children = (
				F779ABD7219489F90048EF28 /* GMapWaypointModel.swift */,
			);
			path = Model;
			sourceTree = "<group>";
		};
		F7A17545219E666000B19E90 /* Helper */ = {
			isa = PBXGroup;
			children = (
				F7A17546219E66BE00B19E90 /* LocationMarkerCollectionHelper.swift */,
			);
			path = Helper;
			sourceTree = "<group>";
		};
		F7D9BCF621A06F13009AF5C0 /* Protocol */ = {
			isa = PBXGroup;
			children = (
				F7D9BCF721A06F31009AF5C0 /* HashableClass.swift */,
			);
			path = Protocol;
			sourceTree = "<group>";
		};
/* End PBXGroup section */

/* Begin PBXNativeTarget section */
		F779ABB3219408AD0048EF28 /* TravelMaster */ = {
			isa = PBXNativeTarget;
			buildConfigurationList = F779ABC8219408AF0048EF28 /* Build configuration list for PBXNativeTarget "TravelMaster" */;
			buildPhases = (
				6A148945BE73D1046B017D7A /* [CP] Check Pods Manifest.lock */,
				F779ABB0219408AD0048EF28 /* Sources */,
				F779ABB1219408AD0048EF28 /* Frameworks */,
				F779ABB2219408AD0048EF28 /* Resources */,
				111D4EB69D6AC1B4D25F812E /* [CP] Copy Pods Resources */,
			);
			buildRules = (
			);
			dependencies = (
			);
			name = TravelMaster;
			productName = TravelMaster;
			productReference = F779ABB4219408AD0048EF28 /* TravelMaster.app */;
			productType = "com.apple.product-type.application";
		};
/* End PBXNativeTarget section */

/* Begin PBXProject section */
		F779ABAC219408AD0048EF28 /* Project object */ = {
			isa = PBXProject;
			attributes = {
				LastSwiftUpdateCheck = 1010;
				LastUpgradeCheck = 1010;
				ORGANIZATIONNAME = "Wang Yulong";
				TargetAttributes = {
					F779ABB3219408AD0048EF28 = {
						CreatedOnToolsVersion = 10.1;
					};
				};
			};
			buildConfigurationList = F779ABAF219408AD0048EF28 /* Build configuration list for PBXProject "TravelMaster" */;
			compatibilityVersion = "Xcode 9.3";
			developmentRegion = en;
			hasScannedForEncodings = 0;
			knownRegions = (
				en,
				Base,
			);
			mainGroup = F779ABAB219408AD0048EF28;
			productRefGroup = F779ABB5219408AD0048EF28 /* Products */;
			projectDirPath = "";
			projectRoot = "";
			targets = (
				F779ABB3219408AD0048EF28 /* TravelMaster */,
			);
		};
/* End PBXProject section */

/* Begin PBXResourcesBuildPhase section */
		F779ABB2219408AD0048EF28 /* Resources */ = {
			isa = PBXResourcesBuildPhase;
			buildActionMask = 2147483647;
			files = (
				F779ABC4219408AF0048EF28 /* LaunchScreen.storyboard in Resources */,
				F779ABC1219408AF0048EF28 /* Assets.xcassets in Resources */,
				F779ABCC21940C7E0048EF28 /* Podfile in Resources */,
				F779ABBF219408AD0048EF28 /* Main.storyboard in Resources */,
			);
			runOnlyForDeploymentPostprocessing = 0;
		};
/* End PBXResourcesBuildPhase section */

/* Begin PBXShellScriptBuildPhase section */
		111D4EB69D6AC1B4D25F812E /* [CP] Copy Pods Resources */ = {
			isa = PBXShellScriptBuildPhase;
			buildActionMask = 2147483647;
			files = (
			);
			inputFileListPaths = (
			);
			inputPaths = (
				"${SRCROOT}/Pods/Target Support Files/Pods-TravelMaster/Pods-TravelMaster-resources.sh",
				"${PODS_ROOT}/GoogleMaps/Maps/Frameworks/GoogleMaps.framework/Resources/GoogleMaps.bundle",
				"${PODS_ROOT}/GooglePlaces/Frameworks/GooglePlaces.framework/Resources/GooglePlaces.bundle",
			);
			name = "[CP] Copy Pods Resources";
			outputFileListPaths = (
			);
			outputPaths = (
				"${TARGET_BUILD_DIR}/${UNLOCALIZED_RESOURCES_FOLDER_PATH}/GoogleMaps.bundle",
				"${TARGET_BUILD_DIR}/${UNLOCALIZED_RESOURCES_FOLDER_PATH}/GooglePlaces.bundle",
			);
			runOnlyForDeploymentPostprocessing = 0;
			shellPath = /bin/sh;
			shellScript = "\"${SRCROOT}/Pods/Target Support Files/Pods-TravelMaster/Pods-TravelMaster-resources.sh\"\n";
			showEnvVarsInLog = 0;
		};
		6A148945BE73D1046B017D7A /* [CP] Check Pods Manifest.lock */ = {
			isa = PBXShellScriptBuildPhase;
			buildActionMask = 2147483647;
			files = (
			);
			inputFileListPaths = (
			);
			inputPaths = (
				"${PODS_PODFILE_DIR_PATH}/Podfile.lock",
				"${PODS_ROOT}/Manifest.lock",
			);
			name = "[CP] Check Pods Manifest.lock";
			outputFileListPaths = (
			);
			outputPaths = (
				"$(DERIVED_FILE_DIR)/Pods-TravelMaster-checkManifestLockResult.txt",
			);
			runOnlyForDeploymentPostprocessing = 0;
			shellPath = /bin/sh;
			shellScript = "diff \"${PODS_PODFILE_DIR_PATH}/Podfile.lock\" \"${PODS_ROOT}/Manifest.lock\" > /dev/null\nif [ $? != 0 ] ; then\n    # print error to STDERR\n    echo \"error: The sandbox is not in sync with the Podfile.lock. Run 'pod install' or update your CocoaPods installation.\" >&2\n    exit 1\nfi\n# This output is used by Xcode 'outputs' to avoid re-running this script phase.\necho \"SUCCESS\" > \"${SCRIPT_OUTPUT_FILE_0}\"\n";
			showEnvVarsInLog = 0;
		};
/* End PBXShellScriptBuildPhase section */

/* Begin PBXSourcesBuildPhase section */
		F779ABB0219408AD0048EF28 /* Sources */ = {
			isa = PBXSourcesBuildPhase;
			buildActionMask = 2147483647;
			files = (
				F779ABBC219408AD0048EF28 /* SecondViewController.swift in Sources */,
				F779ABD421944E660048EF28 /* GMapHelper.swift in Sources */,
				F779ABB8219408AD0048EF28 /* AppDelegate.swift in Sources */,
				F779ABBA219408AD0048EF28 /* FirstViewController.swift in Sources */,
				F779ABD121941CD80048EF28 /* Constants.swift in Sources */,
				F7D96E1D219B3C8400736CBD /* LocationMarker.swift in Sources */,
				F7A17547219E66BE00B19E90 /* LocationMarkerCollectionHelper.swift in Sources */,
				F7D9BCF821A06F31009AF5C0 /* HashableClass.swift in Sources */,
				F779ABD8219489F90048EF28 /* GMapWaypointModel.swift in Sources */,
			);
			runOnlyForDeploymentPostprocessing = 0;
		};
/* End PBXSourcesBuildPhase section */

/* Begin PBXVariantGroup section */
		F779ABBD219408AD0048EF28 /* Main.storyboard */ = {
			isa = PBXVariantGroup;
			children = (
				F779ABBE219408AD0048EF28 /* Base */,
			);
			name = Main.storyboard;
			sourceTree = "<group>";
		};
		F779ABC2219408AF0048EF28 /* LaunchScreen.storyboard */ = {
			isa = PBXVariantGroup;
			children = (
				F779ABC3219408AF0048EF28 /* Base */,
			);
			name = LaunchScreen.storyboard;
			sourceTree = "<group>";
		};
/* End PBXVariantGroup section */

/* Begin XCBuildConfiguration section */
		F779ABC6219408AF0048EF28 /* Debug */ = {
			isa = XCBuildConfiguration;
			buildSettings = {
				ALWAYS_SEARCH_USER_PATHS = NO;
				CLANG_ANALYZER_NONNULL = YES;
				CLANG_ANALYZER_NUMBER_OBJECT_CONVERSION = YES_AGGRESSIVE;
				CLANG_CXX_LANGUAGE_STANDARD = "gnu++14";
				CLANG_CXX_LIBRARY = "libc++";
				CLANG_ENABLE_MODULES = YES;
				CLANG_ENABLE_OBJC_ARC = YES;
				CLANG_ENABLE_OBJC_WEAK = YES;
				CLANG_WARN_BLOCK_CAPTURE_AUTORELEASING = YES;
				CLANG_WARN_BOOL_CONVERSION = YES;
				CLANG_WARN_COMMA = YES;
				CLANG_WARN_CONSTANT_CONVERSION = YES;
				CLANG_WARN_DEPRECATED_OBJC_IMPLEMENTATIONS = YES;
				CLANG_WARN_DIRECT_OBJC_ISA_USAGE = YES_ERROR;
				CLANG_WARN_DOCUMENTATION_COMMENTS = YES;
				CLANG_WARN_EMPTY_BODY = YES;
				CLANG_WARN_ENUM_CONVERSION = YES;
				CLANG_WARN_INFINITE_RECURSION = YES;
				CLANG_WARN_INT_CONVERSION = YES;
				CLANG_WARN_NON_LITERAL_NULL_CONVERSION = YES;
				CLANG_WARN_OBJC_IMPLICIT_RETAIN_SELF = YES;
				CLANG_WARN_OBJC_LITERAL_CONVERSION = YES;
				CLANG_WARN_OBJC_ROOT_CLASS = YES_ERROR;
				CLANG_WARN_RANGE_LOOP_ANALYSIS = YES;
				CLANG_WARN_STRICT_PROTOTYPES = YES;
				CLANG_WARN_SUSPICIOUS_MOVE = YES;
				CLANG_WARN_UNGUARDED_AVAILABILITY = YES_AGGRESSIVE;
				CLANG_WARN_UNREACHABLE_CODE = YES;
				CLANG_WARN__DUPLICATE_METHOD_MATCH = YES;
				CODE_SIGN_IDENTITY = "iPhone Developer";
				COPY_PHASE_STRIP = NO;
				DEBUG_INFORMATION_FORMAT = dwarf;
				ENABLE_STRICT_OBJC_MSGSEND = YES;
				ENABLE_TESTABILITY = YES;
				GCC_C_LANGUAGE_STANDARD = gnu11;
				GCC_DYNAMIC_NO_PIC = NO;
				GCC_NO_COMMON_BLOCKS = YES;
				GCC_OPTIMIZATION_LEVEL = 0;
				GCC_PREPROCESSOR_DEFINITIONS = (
					"DEBUG=1",
					"$(inherited)",
				);
				GCC_WARN_64_TO_32_BIT_CONVERSION = YES;
				GCC_WARN_ABOUT_RETURN_TYPE = YES_ERROR;
				GCC_WARN_UNDECLARED_SELECTOR = YES;
				GCC_WARN_UNINITIALIZED_AUTOS = YES_AGGRESSIVE;
				GCC_WARN_UNUSED_FUNCTION = YES;
				GCC_WARN_UNUSED_VARIABLE = YES;
				IPHONEOS_DEPLOYMENT_TARGET = 12.1;
				MTL_ENABLE_DEBUG_INFO = INCLUDE_SOURCE;
				MTL_FAST_MATH = YES;
				ONLY_ACTIVE_ARCH = YES;
				SDKROOT = iphoneos;
				SWIFT_ACTIVE_COMPILATION_CONDITIONS = DEBUG;
				SWIFT_OPTIMIZATION_LEVEL = "-Onone";
			};
			name = Debug;
		};
		F779ABC7219408AF0048EF28 /* Release */ = {
			isa = XCBuildConfiguration;
			buildSettings = {
				ALWAYS_SEARCH_USER_PATHS = NO;
				CLANG_ANALYZER_NONNULL = YES;
				CLANG_ANALYZER_NUMBER_OBJECT_CONVERSION = YES_AGGRESSIVE;
				CLANG_CXX_LANGUAGE_STANDARD = "gnu++14";
				CLANG_CXX_LIBRARY = "libc++";
				CLANG_ENABLE_MODULES = YES;
				CLANG_ENABLE_OBJC_ARC = YES;
				CLANG_ENABLE_OBJC_WEAK = YES;
				CLANG_WARN_BLOCK_CAPTURE_AUTORELEASING = YES;
				CLANG_WARN_BOOL_CONVERSION = YES;
				CLANG_WARN_COMMA = YES;
				CLANG_WARN_CONSTANT_CONVERSION = YES;
				CLANG_WARN_DEPRECATED_OBJC_IMPLEMENTATIONS = YES;
				CLANG_WARN_DIRECT_OBJC_ISA_USAGE = YES_ERROR;
				CLANG_WARN_DOCUMENTATION_COMMENTS = YES;
				CLANG_WARN_EMPTY_BODY = YES;
				CLANG_WARN_ENUM_CONVERSION = YES;
				CLANG_WARN_INFINITE_RECURSION = YES;
				CLANG_WARN_INT_CONVERSION = YES;
				CLANG_WARN_NON_LITERAL_NULL_CONVERSION = YES;
				CLANG_WARN_OBJC_IMPLICIT_RETAIN_SELF = YES;
				CLANG_WARN_OBJC_LITERAL_CONVERSION = YES;
				CLANG_WARN_OBJC_ROOT_CLASS = YES_ERROR;
				CLANG_WARN_RANGE_LOOP_ANALYSIS = YES;
				CLANG_WARN_STRICT_PROTOTYPES = YES;
				CLANG_WARN_SUSPICIOUS_MOVE = YES;
				CLANG_WARN_UNGUARDED_AVAILABILITY = YES_AGGRESSIVE;
				CLANG_WARN_UNREACHABLE_CODE = YES;
				CLANG_WARN__DUPLICATE_METHOD_MATCH = YES;
				CODE_SIGN_IDENTITY = "iPhone Developer";
				COPY_PHASE_STRIP = NO;
				DEBUG_INFORMATION_FORMAT = "dwarf-with-dsym";
				ENABLE_NS_ASSERTIONS = NO;
				ENABLE_STRICT_OBJC_MSGSEND = YES;
				GCC_C_LANGUAGE_STANDARD = gnu11;
				GCC_NO_COMMON_BLOCKS = YES;
				GCC_WARN_64_TO_32_BIT_CONVERSION = YES;
				GCC_WARN_ABOUT_RETURN_TYPE = YES_ERROR;
				GCC_WARN_UNDECLARED_SELECTOR = YES;
				GCC_WARN_UNINITIALIZED_AUTOS = YES_AGGRESSIVE;
				GCC_WARN_UNUSED_FUNCTION = YES;
				GCC_WARN_UNUSED_VARIABLE = YES;
				IPHONEOS_DEPLOYMENT_TARGET = 12.1;
				MTL_ENABLE_DEBUG_INFO = NO;
				MTL_FAST_MATH = YES;
				SDKROOT = iphoneos;
				SWIFT_COMPILATION_MODE = wholemodule;
				SWIFT_OPTIMIZATION_LEVEL = "-O";
				VALIDATE_PRODUCT = YES;
			};
			name = Release;
		};
		F779ABC9219408AF0048EF28 /* Debug */ = {
			isa = XCBuildConfiguration;
			baseConfigurationReference = 33CD55EA683E0E395DC4C875 /* Pods-TravelMaster.debug.xcconfig */;
			buildSettings = {
				ASSETCATALOG_COMPILER_APPICON_NAME = AppIcon;
				CODE_SIGN_STYLE = Automatic;
				INFOPLIST_FILE = TravelMaster/Info.plist;
				LD_RUNPATH_SEARCH_PATHS = (
					"$(inherited)",
					"@executable_path/Frameworks",
				);
				PRODUCT_BUNDLE_IDENTIFIER = com.wangyulong.TravelMaster;
				PRODUCT_NAME = "$(TARGET_NAME)";
				SWIFT_VERSION = 4.2;
				TARGETED_DEVICE_FAMILY = "1,2";
			};
			name = Debug;
		};
		F779ABCA219408AF0048EF28 /* Release */ = {
			isa = XCBuildConfiguration;
			baseConfigurationReference = A819437131F597FB18FE4E77 /* Pods-TravelMaster.release.xcconfig */;
			buildSettings = {
				ASSETCATALOG_COMPILER_APPICON_NAME = AppIcon;
				CODE_SIGN_STYLE = Automatic;
				INFOPLIST_FILE = TravelMaster/Info.plist;
				LD_RUNPATH_SEARCH_PATHS = (
					"$(inherited)",
					"@executable_path/Frameworks",
				);
				PRODUCT_BUNDLE_IDENTIFIER = com.wangyulong.TravelMaster;
				PRODUCT_NAME = "$(TARGET_NAME)";
				SWIFT_VERSION = 4.2;
				TARGETED_DEVICE_FAMILY = "1,2";
			};
			name = Release;
		};
/* End XCBuildConfiguration section */

/* Begin XCConfigurationList section */
		F779ABAF219408AD0048EF28 /* Build configuration list for PBXProject "TravelMaster" */ = {
			isa = XCConfigurationList;
			buildConfigurations = (
				F779ABC6219408AF0048EF28 /* Debug */,
				F779ABC7219408AF0048EF28 /* Release */,
			);
			defaultConfigurationIsVisible = 0;
			defaultConfigurationName = Release;
		};
		F779ABC8219408AF0048EF28 /* Build configuration list for PBXNativeTarget "TravelMaster" */ = {
			isa = XCConfigurationList;
			buildConfigurations = (
				F779ABC9219408AF0048EF28 /* Debug */,
				F779ABCA219408AF0048EF28 /* Release */,
			);
			defaultConfigurationIsVisible = 0;
			defaultConfigurationName = Release;
		};
/* End XCConfigurationList section */
	};
	rootObject = F779ABAC219408AD0048EF28 /* Project object */;
}
